{
  "object": {
    "pins": [
      {
        "package": "hvNetwork",
        "repositoryURL": "https://github.com/hoonv/hvNetwork",
        "state": {
          "branch": "master",
          "revision": "32e5d24a775c764394c9122ee271aa79743555fd",
          "version": null
        }
      }
    ]
  },
  "version": 1
}
